
Microsoft Visual Studio Solution File, Format Version 12.00
# Visual Studio Version 16
VisualStudioVersion = 16.0.31410.357
MinimumVisualStudioVersion = 10.0.40219.1
Project("{2150E333-8FDC-42A3-9474-1A3956D46DE8}") = "BuildingBlocks", "BuildingBlocks", "{11B3BFAD-D596-47DC-B0CA-4357EF5E5AD8}"
EndProject
Project("{2150E333-8FDC-42A3-9474-1A3956D46DE8}") = "Modules", "Modules", "{1CDF311D-149C-43D9-BDA9-B8147397F51D}"
EndProject
Project("{2150E333-8FDC-42A3-9474-1A3956D46DE8}") = "GerenciamentoTarefas", "GerenciamentoTarefas", "{0C0D2943-6D89-43A7-9D08-0DE6862EADED}"
EndProject
Project("{2150E333-8FDC-42A3-9474-1A3956D46DE8}") = "FluxoTrabalho", "FluxoTrabalho", "{336A8B0A-01D1-4646-AE8E-177B215D07CF}"
EndProject
Project("{2150E333-8FDC-42A3-9474-1A3956D46DE8}") = "Autenticacao", "Autenticacao", "{3749C3A4-EED2-4BBA-AEED-8D88A5C964D3}"
EndProject
Project("{9A19103F-16F7-4668-BE54-9A1E7A4F7556}") = "TaskFlow.GerenciamentoTarefas.Domain", "src\modules\TaskFlow.GerenciamentoTarefas.Domain\TaskFlow.GerenciamentoTarefas.Domain.csproj", "{009E0437-DC2E-4CA9-A4BC-B8E48AE87A76}"
EndProject
Project("{9A19103F-16F7-4668-BE54-9A1E7A4F7556}") = "TaskFlow.GerencimentoTarefas.Infrastructure", "src\modules\TaskFlow.GerencimentoTarefas.Infrastructure\TaskFlow.GerencimentoTarefas.Infrastructure.csproj", "{8E42CE75-1633-48A4-9424-C158C40AB562}"
EndProject
Project("{9A19103F-16F7-4668-BE54-9A1E7A4F7556}") = "TaskFlow.GerencimentoTarefas.API", "src\modules\TaskFlow.GerencimentoTarefas.API\TaskFlow.GerencimentoTarefas.API.csproj", "{8895A5FD-DB64-44CF-97D4-6A1A720552BE}"
EndProject
Project("{FAE04EC0-301F-11D3-BF4B-00C04F79EFBC}") = "Taskflow.Core", "src\buildingblocks\Taskflow.Core\Taskflow.Core.csproj", "{6806959E-7568-402B-8B9B-CB05BFA50EAA}"
EndProject
Global
	GlobalSection(SolutionConfigurationPlatforms) = preSolution
		Debug|Any CPU = Debug|Any CPU
		Release|Any CPU = Release|Any CPU
	EndGlobalSection
	GlobalSection(ProjectConfigurationPlatforms) = postSolution
		{009E0437-DC2E-4CA9-A4BC-B8E48AE87A76}.Debug|Any CPU.ActiveCfg = Debug|Any CPU
		{009E0437-DC2E-4CA9-A4BC-B8E48AE87A76}.Debug|Any CPU.Build.0 = Debug|Any CPU
		{009E0437-DC2E-4CA9-A4BC-B8E48AE87A76}.Release|Any CPU.ActiveCfg = Release|Any CPU
		{009E0437-DC2E-4CA9-A4BC-B8E48AE87A76}.Release|Any CPU.Build.0 = Release|Any CPU
		{8E42CE75-1633-48A4-9424-C158C40AB562}.Debug|Any CPU.ActiveCfg = Debug|Any CPU
		{8E42CE75-1633-48A4-9424-C158C40AB562}.Debug|Any CPU.Build.0 = Debug|Any CPU
		{8E42CE75-1633-48A4-9424-C158C40AB562}.Release|Any CPU.ActiveCfg = Release|Any CPU
		{8E42CE75-1633-48A4-9424-C158C40AB562}.Release|Any CPU.Build.0 = Release|Any CPU
		{8895A5FD-DB64-44CF-97D4-6A1A720552BE}.Debug|Any CPU.ActiveCfg = Debug|Any CPU
		{8895A5FD-DB64-44CF-97D4-6A1A720552BE}.Debug|Any CPU.Build.0 = Debug|Any CPU
		{8895A5FD-DB64-44CF-97D4-6A1A720552BE}.Release|Any CPU.ActiveCfg = Release|Any CPU
		{8895A5FD-DB64-44CF-97D4-6A1A720552BE}.Release|Any CPU.Build.0 = Release|Any CPU
		{6806959E-7568-402B-8B9B-CB05BFA50EAA}.Debug|Any CPU.ActiveCfg = Debug|Any CPU
		{6806959E-7568-402B-8B9B-CB05BFA50EAA}.Debug|Any CPU.Build.0 = Debug|Any CPU
		{6806959E-7568-402B-8B9B-CB05BFA50EAA}.Release|Any CPU.ActiveCfg = Release|Any CPU
		{6806959E-7568-402B-8B9B-CB05BFA50EAA}.Release|Any CPU.Build.0 = Release|Any CPU
	EndGlobalSection
	GlobalSection(SolutionProperties) = preSolution
		HideSolutionNode = FALSE
	EndGlobalSection
	GlobalSection(NestedProjects) = preSolution
		{0C0D2943-6D89-43A7-9D08-0DE6862EADED} = {1CDF311D-149C-43D9-BDA9-B8147397F51D}
		{336A8B0A-01D1-4646-AE8E-177B215D07CF} = {1CDF311D-149C-43D9-BDA9-B8147397F51D}
		{3749C3A4-EED2-4BBA-AEED-8D88A5C964D3} = {1CDF311D-149C-43D9-BDA9-B8147397F51D}
		{009E0437-DC2E-4CA9-A4BC-B8E48AE87A76} = {0C0D2943-6D89-43A7-9D08-0DE6862EADED}
		{8E42CE75-1633-48A4-9424-C158C40AB562} = {0C0D2943-6D89-43A7-9D08-0DE6862EADED}
		{8895A5FD-DB64-44CF-97D4-6A1A720552BE} = {0C0D2943-6D89-43A7-9D08-0DE6862EADED}
		{6806959E-7568-402B-8B9B-CB05BFA50EAA} = {11B3BFAD-D596-47DC-B0CA-4357EF5E5AD8}
	EndGlobalSection
	GlobalSection(ExtensibilityGlobals) = postSolution
		SolutionGuid = {5FEEEE96-448F-4038-A16E-13AF5C287E40}
	EndGlobalSection
EndGlobal
